
Microsoft Visual Studio Solution File, Format Version 12.00
# Visual Studio Version 17
VisualStudioVersion = 17.11.35312.102
MinimumVisualStudioVersion = 10.0.40219.1
Project("{FAE04EC0-301F-11D3-BF4B-00C04F79EFBC}") = "AJTarefasApp", "AJTarefasApp.csproj", "{DE3C59F9-1BE7-4F24-AA59-8FD37608257C}"
EndProject
Project("{2150E333-8FDC-42A3-9474-1A3956D46DE8}") = "SqlScripts", "SqlScripts", "{BF1F3770-A41F-4EBF-9D31-B54E51B080CE}"
	ProjectSection(SolutionItems) = preProject
		..\SqlScripts\001_ScriptCriacao.sql = ..\SqlScripts\001_ScriptCriacao.sql
	EndProjectSection
EndProject
Project("{FAE04EC0-301F-11D3-BF4B-00C04F79EFBC}") = "AJTarefasNegocio", "..\AJTarefasNegocio\AJTarefasNegocio.csproj", "{213E137B-80EB-4F75-8DC8-C0C6FF627C37}"
EndProject
Project("{FAE04EC0-301F-11D3-BF4B-00C04F79EFBC}") = "AJTarefasDomain", "..\AJTarefasDomain\AJTarefasDomain.csproj", "{0E76909E-6756-4705-8F40-74227E9A61C9}"
EndProject
Project("{FAE04EC0-301F-11D3-BF4B-00C04F79EFBC}") = "AJTarefasRecursos", "..\AJTarefasRecursos\AJTarefasRecursos.csproj", "{451B0768-BF60-4EA3-A1CC-37150C98C410}"
EndProject
Global
	GlobalSection(SolutionConfigurationPlatforms) = preSolution
		Debug|Any CPU = Debug|Any CPU
		Release|Any CPU = Release|Any CPU
	EndGlobalSection
	GlobalSection(ProjectConfigurationPlatforms) = postSolution
		{DE3C59F9-1BE7-4F24-AA59-8FD37608257C}.Debug|Any CPU.ActiveCfg = Debug|Any CPU
		{DE3C59F9-1BE7-4F24-AA59-8FD37608257C}.Debug|Any CPU.Build.0 = Debug|Any CPU
		{DE3C59F9-1BE7-4F24-AA59-8FD37608257C}.Release|Any CPU.ActiveCfg = Release|Any CPU
		{DE3C59F9-1BE7-4F24-AA59-8FD37608257C}.Release|Any CPU.Build.0 = Release|Any CPU
		{213E137B-80EB-4F75-8DC8-C0C6FF627C37}.Debug|Any CPU.ActiveCfg = Debug|Any CPU
		{213E137B-80EB-4F75-8DC8-C0C6FF627C37}.Debug|Any CPU.Build.0 = Debug|Any CPU
		{213E137B-80EB-4F75-8DC8-C0C6FF627C37}.Release|Any CPU.ActiveCfg = Release|Any CPU
		{213E137B-80EB-4F75-8DC8-C0C6FF627C37}.Release|Any CPU.Build.0 = Release|Any CPU
		{0E76909E-6756-4705-8F40-74227E9A61C9}.Debug|Any CPU.ActiveCfg = Debug|Any CPU
		{0E76909E-6756-4705-8F40-74227E9A61C9}.Debug|Any CPU.Build.0 = Debug|Any CPU
		{0E76909E-6756-4705-8F40-74227E9A61C9}.Release|Any CPU.ActiveCfg = Release|Any CPU
		{0E76909E-6756-4705-8F40-74227E9A61C9}.Release|Any CPU.Build.0 = Release|Any CPU
		{451B0768-BF60-4EA3-A1CC-37150C98C410}.Debug|Any CPU.ActiveCfg = Debug|Any CPU
		{451B0768-BF60-4EA3-A1CC-37150C98C410}.Debug|Any CPU.Build.0 = Debug|Any CPU
		{451B0768-BF60-4EA3-A1CC-37150C98C410}.Release|Any CPU.ActiveCfg = Release|Any CPU
		{451B0768-BF60-4EA3-A1CC-37150C98C410}.Release|Any CPU.Build.0 = Release|Any CPU
	EndGlobalSection
	GlobalSection(SolutionProperties) = preSolution
		HideSolutionNode = FALSE
	EndGlobalSection
	GlobalSection(ExtensibilityGlobals) = postSolution
		SolutionGuid = {0FB39234-2121-4C16-95C0-AE63F70B8977}
	EndGlobalSection
EndGlobal
